
Microsoft Visual Studio Solution File, Format Version 12.00
# Visual Studio 15
VisualStudioVersion = 15.0.28307.421
MinimumVisualStudioVersion = 10.0.40219.1
Project("{FAE04EC0-301F-11D3-BF4B-00C04F79EFBC}") = "RAG", "RAG.csproj", "{F12F313F-87A2-4D33-9434-AE4FED63E8FD}"
EndProject
Global
	GlobalSection(SolutionConfigurationPlatforms) = preSolution
		Debug|Any CPU = Debug|Any CPU
		Release|Any CPU = Release|Any CPU
	EndGlobalSection
	GlobalSection(ProjectConfigurationPlatforms) = postSolution
		{F12F313F-87A2-4D33-9434-AE4FED63E8FD}.Debug|Any CPU.ActiveCfg = Debug|Any CPU
		{F12F313F-87A2-4D33-9434-AE4FED63E8FD}.Debug|Any CPU.Build.0 = Debug|Any CPU
		{F12F313F-87A2-4D33-9434-AE4FED63E8FD}.Release|Any CPU.ActiveCfg = Release|Any CPU
		{F12F313F-87A2-4D33-9434-AE4FED63E8FD}.Release|Any CPU.Build.0 = Release|Any CPU
	EndGlobalSection
	GlobalSection(SolutionProperties) = preSolution
		HideSolutionNode = FALSE
	EndGlobalSection
	GlobalSection(ExtensibilityGlobals) = postSolution
		SolutionGuid = {41B9D38C-462E-472B-A3E0-513AF179C240}
	EndGlobalSection
EndGlobal
